# THIS IS AN AUTOGENERATED FILE. DO NOT EDIT THIS FILE DIRECTLY.
# yarn lockfile v1


"@dotlottie/common@0.7.10":
  version "0.7.10"
  resolved "https://registry.yarnpkg.com/@dotlottie/common/-/common-0.7.10.tgz#231c0a77057d87bbb54a89cfef6d54b23e268e5b"
  integrity sha512-fIer1XuAWWhcBAg6gTxsPH9bsqVbKkjSFP5JU8zMzRRd+dQPAwpEd0z2JU3fZxK32DBsXrZVSZN1Z0Mq+uDNQA==
  dependencies:
    "@dotlottie/dotlottie-js" "^0.7.0"
    "@preact/signals-core" "^1.2.3"
    howler "^2.2.3"
    lottie-web "^5.12.2"
    xstate "^4.38.1"

"@dotlottie/dotlottie-js@^0.7.0":
  version "0.7.1"
  resolved "https://registry.yarnpkg.com/@dotlottie/dotlottie-js/-/dotlottie-js-0.7.1.tgz#81f2ab93faffad89851011072836f08c08ef1d01"
  integrity sha512-Hh5KwYY95dkIGbc3G2Q6qrTkykXD0kw0JF5W3gNMLLTgGxtvDtdwD+9ciRWSoHpn1BVc6LvrAahWbJjT0E/Daw==
  dependencies:
    browser-image-hash "^0.0.5"
    fflate "^0.8.1"
    sharp "^0.33.2"
    sharp-phash "^2.1.0"
    valibot "^0.13.1"

"@dotlottie/react-player@^1.6.17":
  version "1.6.17"
  resolved "https://registry.yarnpkg.com/@dotlottie/react-player/-/react-player-1.6.17.tgz#0306f4a101502f1eab909228702dad4825d9c876"
  integrity sha512-VwrR9mvY1SZYrbH4xZp7RiPbrG0RmgXDVFQI6OMwu7uUB1aBjdTWtxzB7i7r52oZkjoVpN6ND8ETd67NxSDE9Q==
  dependencies:
    "@dotlottie/common" "0.7.10"

"@emnapi/runtime@^0.45.0":
  version "0.45.0"
  resolved "https://registry.yarnpkg.com/@emnapi/runtime/-/runtime-0.45.0.tgz#e754de04c683263f34fd0c7f32adfe718bbe4ddd"
  integrity sha512-Txumi3td7J4A/xTTwlssKieHKTGl3j4A1tglBx72auZ49YK7ePY6XZricgIg9mnZT4xPfA+UPCUdnhRuEFDL+w==
  dependencies:
    tslib "^2.4.0"

"@img/sharp-darwin-arm64@0.33.2":
  version "0.33.2"
  resolved "https://registry.yarnpkg.com/@img/sharp-darwin-arm64/-/sharp-darwin-arm64-0.33.2.tgz#0a52a82c2169112794dac2c71bfba9e90f7c5bd1"
  integrity sha512-itHBs1rPmsmGF9p4qRe++CzCgd+kFYktnsoR1sbIAfsRMrJZau0Tt1AH9KVnufc2/tU02Gf6Ibujx+15qRE03w==
  optionalDependencies:
    "@img/sharp-libvips-darwin-arm64" "1.0.1"

"@img/sharp-darwin-x64@0.33.2":
  version "0.33.2"
  resolved "https://registry.yarnpkg.com/@img/sharp-darwin-x64/-/sharp-darwin-x64-0.33.2.tgz#982e26bb9d38a81f75915c4032539aed621d1c21"
  integrity sha512-/rK/69Rrp9x5kaWBjVN07KixZanRr+W1OiyKdXcbjQD6KbW+obaTeBBtLUAtbBsnlTTmWthw99xqoOS7SsySDg==
  optionalDependencies:
    "@img/sharp-libvips-darwin-x64" "1.0.1"

"@img/sharp-libvips-darwin-arm64@1.0.1":
  version "1.0.1"
  resolved "https://registry.yarnpkg.com/@img/sharp-libvips-darwin-arm64/-/sharp-libvips-darwin-arm64-1.0.1.tgz#81e83ffc2c497b3100e2f253766490f8fad479cd"
  integrity sha512-kQyrSNd6lmBV7O0BUiyu/OEw9yeNGFbQhbxswS1i6rMDwBBSX+e+rPzu3S+MwAiGU3HdLze3PanQ4Xkfemgzcw==

"@img/sharp-libvips-darwin-x64@1.0.1":
  version "1.0.1"
  resolved "https://registry.yarnpkg.com/@img/sharp-libvips-darwin-x64/-/sharp-libvips-darwin-x64-1.0.1.tgz#fc1fcd9d78a178819eefe2c1a1662067a83ab1d6"
  integrity sha512-eVU/JYLPVjhhrd8Tk6gosl5pVlvsqiFlt50wotCvdkFGf+mDNBJxMh+bvav+Wt3EBnNZWq8Sp2I7XfSjm8siog==

"@img/sharp-libvips-linux-arm64@1.0.1":
  version "1.0.1"
  resolved "https://registry.yarnpkg.com/@img/sharp-libvips-linux-arm64/-/sharp-libvips-linux-arm64-1.0.1.tgz#26eb8c556a9b0db95f343fc444abc3effb67ebcf"
  integrity sha512-bnGG+MJjdX70mAQcSLxgeJco11G+MxTz+ebxlz8Y3dxyeb3Nkl7LgLI0mXupoO+u1wRNx/iRj5yHtzA4sde1yA==

"@img/sharp-libvips-linux-arm@1.0.1":
  version "1.0.1"
  resolved "https://registry.yarnpkg.com/@img/sharp-libvips-linux-arm/-/sharp-libvips-linux-arm-1.0.1.tgz#2a377b959ff7dd6528deee486c25461296a4fa8b"
  integrity sha512-FtdMvR4R99FTsD53IA3LxYGghQ82t3yt0ZQ93WMZ2xV3dqrb0E8zq4VHaTOuLEAuA83oDawHV3fd+BsAPadHIQ==

"@img/sharp-libvips-linux-s390x@1.0.1":
  version "1.0.1"
  resolved "https://registry.yarnpkg.com/@img/sharp-libvips-linux-s390x/-/sharp-libvips-linux-s390x-1.0.1.tgz#af28ac9ba929204467ecdf843330d791e9421e10"
  integrity sha512-3+rzfAR1YpMOeA2zZNp+aYEzGNWK4zF3+sdMxuCS3ey9HhDbJ66w6hDSHDMoap32DueFwhhs3vwooAB2MaK4XQ==

"@img/sharp-libvips-linux-x64@1.0.1":
  version "1.0.1"
  resolved "https://registry.yarnpkg.com/@img/sharp-libvips-linux-x64/-/sharp-libvips-linux-x64-1.0.1.tgz#4273d182aa51912e655e1214ea47983d7c1f7f8d"
  integrity sha512-3NR1mxFsaSgMMzz1bAnnKbSAI+lHXVTqAHgc1bgzjHuXjo4hlscpUxc0vFSAPKI3yuzdzcZOkq7nDPrP2F8Jgw==

"@img/sharp-libvips-linuxmusl-arm64@1.0.1":
  version "1.0.1"
  resolved "https://registry.yarnpkg.com/@img/sharp-libvips-linuxmusl-arm64/-/sharp-libvips-linuxmusl-arm64-1.0.1.tgz#d150c92151cea2e8d120ad168b9c358d09c77ce8"
  integrity sha512-5aBRcjHDG/T6jwC3Edl3lP8nl9U2Yo8+oTl5drd1dh9Z1EBfzUKAJFUDTDisDjUwc7N4AjnPGfCA3jl3hY8uDg==

"@img/sharp-libvips-linuxmusl-x64@1.0.1":
  version "1.0.1"
  resolved "https://registry.yarnpkg.com/@img/sharp-libvips-linuxmusl-x64/-/sharp-libvips-linuxmusl-x64-1.0.1.tgz#e297c1a4252c670d93b0f9e51fca40a7a5b6acfd"
  integrity sha512-dcT7inI9DBFK6ovfeWRe3hG30h51cBAP5JXlZfx6pzc/Mnf9HFCQDLtYf4MCBjxaaTfjCCjkBxcy3XzOAo5txw==

"@img/sharp-linux-arm64@0.33.2":
  version "0.33.2"
  resolved "https://registry.yarnpkg.com/@img/sharp-linux-arm64/-/sharp-linux-arm64-0.33.2.tgz#af3409f801a9bee1d11d0c7e971dcd6180f80022"
  integrity sha512-pz0NNo882vVfqJ0yNInuG9YH71smP4gRSdeL09ukC2YLE6ZyZePAlWKEHgAzJGTiOh8Qkaov6mMIMlEhmLdKew==
  optionalDependencies:
    "@img/sharp-libvips-linux-arm64" "1.0.1"

"@img/sharp-linux-arm@0.33.2":
  version "0.33.2"
  resolved "https://registry.yarnpkg.com/@img/sharp-linux-arm/-/sharp-linux-arm-0.33.2.tgz#181f7466e6ac074042a38bfb679eb82505e17083"
  integrity sha512-Fndk/4Zq3vAc4G/qyfXASbS3HBZbKrlnKZLEJzPLrXoJuipFNNwTes71+Ki1hwYW5lch26niRYoZFAtZVf3EGA==
  optionalDependencies:
    "@img/sharp-libvips-linux-arm" "1.0.1"

"@img/sharp-linux-s390x@0.33.2":
  version "0.33.2"
  resolved "https://registry.yarnpkg.com/@img/sharp-linux-s390x/-/sharp-linux-s390x-0.33.2.tgz#9c171f49211f96fba84410b3e237b301286fa00f"
  integrity sha512-MBoInDXDppMfhSzbMmOQtGfloVAflS2rP1qPcUIiITMi36Mm5YR7r0ASND99razjQUpHTzjrU1flO76hKvP5RA==
  optionalDependencies:
    "@img/sharp-libvips-linux-s390x" "1.0.1"

"@img/sharp-linux-x64@0.33.2":
  version "0.33.2"
  resolved "https://registry.yarnpkg.com/@img/sharp-linux-x64/-/sharp-linux-x64-0.33.2.tgz#b956dfc092adc58c2bf0fae2077e6f01a8b2d5d7"
  integrity sha512-xUT82H5IbXewKkeF5aiooajoO1tQV4PnKfS/OZtb5DDdxS/FCI/uXTVZ35GQ97RZXsycojz/AJ0asoz6p2/H/A==
  optionalDependencies:
    "@img/sharp-libvips-linux-x64" "1.0.1"

"@img/sharp-linuxmusl-arm64@0.33.2":
  version "0.33.2"
  resolved "https://registry.yarnpkg.com/@img/sharp-linuxmusl-arm64/-/sharp-linuxmusl-arm64-0.33.2.tgz#10e0ec5a79d1234c6a71df44c9f3b0bef0bc0f15"
  integrity sha512-F+0z8JCu/UnMzg8IYW1TMeiViIWBVg7IWP6nE0p5S5EPQxlLd76c8jYemG21X99UzFwgkRo5yz2DS+zbrnxZeA==
  optionalDependencies:
    "@img/sharp-libvips-linuxmusl-arm64" "1.0.1"

"@img/sharp-linuxmusl-x64@0.33.2":
  version "0.33.2"
  resolved "https://registry.yarnpkg.com/@img/sharp-linuxmusl-x64/-/sharp-linuxmusl-x64-0.33.2.tgz#29e0030c24aa27c38201b1fc84e3d172899fcbe0"
  integrity sha512-+ZLE3SQmSL+Fn1gmSaM8uFusW5Y3J9VOf+wMGNnTtJUMUxFhv+P4UPaYEYT8tqnyYVaOVGgMN/zsOxn9pSsO2A==
  optionalDependencies:
    "@img/sharp-libvips-linuxmusl-x64" "1.0.1"

"@img/sharp-wasm32@0.33.2":
  version "0.33.2"
  resolved "https://registry.yarnpkg.com/@img/sharp-wasm32/-/sharp-wasm32-0.33.2.tgz#38d7c740a22de83a60ad1e6bcfce17462b0d4230"
  integrity sha512-fLbTaESVKuQcpm8ffgBD7jLb/CQLcATju/jxtTXR1XCLwbOQt+OL5zPHSDMmp2JZIeq82e18yE0Vv7zh6+6BfQ==
  dependencies:
    "@emnapi/runtime" "^0.45.0"

"@img/sharp-win32-ia32@0.33.2":
  version "0.33.2"
  resolved "https://registry.yarnpkg.com/@img/sharp-win32-ia32/-/sharp-win32-ia32-0.33.2.tgz#09456314e223f68e5417c283b45c399635c16202"
  integrity sha512-okBpql96hIGuZ4lN3+nsAjGeggxKm7hIRu9zyec0lnfB8E7Z6p95BuRZzDDXZOl2e8UmR4RhYt631i7mfmKU8g==

"@img/sharp-win32-x64@0.33.2":
  version "0.33.2"
  resolved "https://registry.yarnpkg.com/@img/sharp-win32-x64/-/sharp-win32-x64-0.33.2.tgz#148e96dfd6e68747da41a311b9ee4559bb1b1471"
  integrity sha512-E4magOks77DK47FwHUIGH0RYWSgRBfGdK56kIHSVeB9uIS4pPFr4N2kIVsXdQQo4LzOsENKV5KAhRlRL7eMAdg==

"@lottiefiles/react-lottie-player@^3.5.3":
  version "3.5.3"
  resolved "https://registry.yarnpkg.com/@lottiefiles/react-lottie-player/-/react-lottie-player-3.5.3.tgz#e7e848f29577bc4eede87d677a0054de29378127"
  integrity sha512-6pGbiTMjGnPddR1ur8M/TIDCiogZMc1aKIUbMEKXKAuNeYwZ2hvqwBJ+w5KRm88ccdcU88C2cGyLVsboFlSdVQ==
  dependencies:
    lottie-web "^5.10.2"

"@preact/signals-core@^1.2.3":
  version "1.5.1"
  resolved "https://registry.yarnpkg.com/@preact/signals-core/-/signals-core-1.5.1.tgz#77d375fcd03fa01ac560cd2e9b038fe10a80fb23"
  integrity sha512-dE6f+WCX5ZUDwXzUIWNMhhglmuLpqJhuy3X3xHrhZYI0Hm2LyQwOu0l9mdPiWrVNsE+Q7txOnJPgtIqHCYoBVA==

"@rgba-image/common@^0.1.0", "@rgba-image/common@^0.1.13":
  version "0.1.13"
  resolved "https://registry.yarnpkg.com/@rgba-image/common/-/common-0.1.13.tgz#f775a1db042dd0dd23749207daa041a9d37f2e61"
  integrity sha512-AnOBmBpjSgcymTuVhTGy+RB4FfmEQqR2GeJY3d3xfvR9fl3HfhzwgVqopuh3bKSAT6KRpJr7wNmug0qr3oI7bA==

"@rgba-image/copy@^0.1.2":
  version "0.1.3"
  resolved "https://registry.yarnpkg.com/@rgba-image/copy/-/copy-0.1.3.tgz#bb822ca57b4102b70fa64f56eb3f2cf0895e827e"
  integrity sha512-fscJhpp8YtVELGIwQsv1Pj6BEN4PEWAlMJ6a/HWzYxzVr3y/dut4BUrqeWRKiKeRXAGqaV6QxkBxAgYMQYZEvw==
  dependencies:
    "@rgba-image/common" "^0.1.13"

"@rgba-image/create-image@^0.1.1":
  version "0.1.1"
  resolved "https://registry.yarnpkg.com/@rgba-image/create-image/-/create-image-0.1.1.tgz#873ee0ffa2d1a62565845874a7a83c4e53ae1851"
  integrity sha512-ndExUNyi9Ooa/OZqiJS53vYrQ48FX7MDmMrEslDxhsorDsXpeKI9w689r4AYhT9CF9KZlBe8SmI++3BwSvvwAQ==
  dependencies:
    "@rgba-image/common" "^0.1.0"

"@rgba-image/lanczos@^0.1.0":
  version "0.1.1"
  resolved "https://registry.yarnpkg.com/@rgba-image/lanczos/-/lanczos-0.1.1.tgz#e0d3810d6137e417c36e43d9c70c42c43dfc9214"
  integrity sha512-MSGGU7BZmEbg1xHtNp+StARoN7R38zJnFgSEvSzB710nXsHGEaJt//z2VnPfRQTtKSKUXEnp95JSuqDlXTBrYA==
  dependencies:
    "@rgba-image/common" "^0.1.13"
    "@rgba-image/copy" "^0.1.2"
    "@rgba-image/create-image" "^0.1.1"

browser-image-hash@^0.0.5:
  version "0.0.5"
  resolved "https://registry.yarnpkg.com/browser-image-hash/-/browser-image-hash-0.0.5.tgz#a8ca06f64b71fa2e10ebc7335bb8e5f6dd4025ff"
  integrity sha512-j+rsA1L3vL8k8ji4pFPFAOU/wN/hegwk1eoMshFk3OtjzEzdDrT9Dz94OkLc43NhWGck2a9t5eQQok6zjJSPHQ==
  dependencies:
    "@rgba-image/lanczos" "^0.1.0"
    decimal.js "^10.2.0"
    wasm-imagemagick "^1.2.3"

color-convert@^2.0.1:
  version "2.0.1"
  resolved "https://registry.yarnpkg.com/color-convert/-/color-convert-2.0.1.tgz#72d3a68d598c9bdb3af2ad1e84f21d896abd4de3"
  integrity sha512-RRECPsj7iu/xb5oKYcsFHSppFNnsj/52OVTRKb4zP5onXwVF3zVmmToNcOfGC+CRDpfK/U584fMg38ZHCaElKQ==
  dependencies:
    color-name "~1.1.4"

color-name@^1.0.0, color-name@~1.1.4:
  version "1.1.4"
  resolved "https://registry.yarnpkg.com/color-name/-/color-name-1.1.4.tgz#c2a09a87acbde69543de6f63fa3995c826c536a2"
  integrity sha512-dOy+3AuW3a2wNbZHIuMZpTcgjGuLU/uBL/ubcZF9OXbDo8ff4O8yVp5Bf0efS8uEoYo5q4Fx7dY9OgQGXgAsQA==

color-string@^1.9.0:
  version "1.9.1"
  resolved "https://registry.yarnpkg.com/color-string/-/color-string-1.9.1.tgz#4467f9146f036f855b764dfb5bf8582bf342c7a4"
  integrity sha512-shrVawQFojnZv6xM40anx4CkoDP+fZsw/ZerEMsW/pyzsRbElpsL/DBVW7q3ExxwusdNXI3lXpuhEZkzs8p5Eg==
  dependencies:
    color-name "^1.0.0"
    simple-swizzle "^0.2.2"

color@^4.2.3:
  version "4.2.3"
  resolved "https://registry.yarnpkg.com/color/-/color-4.2.3.tgz#d781ecb5e57224ee43ea9627560107c0e0c6463a"
  integrity sha512-1rXeuUUiGGrykh+CeBdu5Ie7OJwinCgQY0bc7GCRxy5xVHy+moaqkpL/jqQq0MtQOeYcrqEz4abc5f0KtU7W4A==
  dependencies:
    color-convert "^2.0.1"
    color-string "^1.9.0"

decimal.js@^10.2.0:
  version "10.4.3"
  resolved "https://registry.yarnpkg.com/decimal.js/-/decimal.js-10.4.3.tgz#1044092884d245d1b7f65725fa4ad4c6f781cc23"
  integrity sha512-VBBaLc1MgL5XpzgIP7ny5Z6Nx3UrRkIViUkPUdtl9aya5amy3De1gsUUSB1g3+3sExYNjCAsAznmukyxCb1GRA==

detect-libc@^2.0.2:
  version "2.0.2"
  resolved "https://registry.yarnpkg.com/detect-libc/-/detect-libc-2.0.2.tgz#8ccf2ba9315350e1241b88d0ac3b0e1fbd99605d"
  integrity sha512-UX6sGumvvqSaXgdKGUsgZWqcUyIXZ/vZTrlRT/iobiKhGL0zL4d3osHj3uqllWJK+i+sixDS/3COVEOFbupFyw==

error-stack-parser@^2.0.6:
  version "2.1.4"
  resolved "https://registry.yarnpkg.com/error-stack-parser/-/error-stack-parser-2.1.4.tgz#229cb01cdbfa84440bfa91876285b94680188286"
  integrity sha512-Sk5V6wVazPhq5MhpO+AUxJn5x7XSXGl1R93Vn7i+zS15KDVxQijejNCrz8340/2bgLBjR9GtEG8ZVKONDjcqGQ==
  dependencies:
    stackframe "^1.3.4"

fflate@^0.8.1:
  version "0.8.2"
  resolved "https://registry.yarnpkg.com/fflate/-/fflate-0.8.2.tgz#fc8631f5347812ad6028bbe4a2308b2792aa1dea"
  integrity sha512-cPJU47OaAoCbg0pBvzsgpTPhmhqI5eJjh/JIu8tPj5q+T7iLvW/JAYUqmE7KOB4R1ZyEhzBaIQpQpardBF5z8A==

howler@^2.2.3:
  version "2.2.4"
  resolved "https://registry.yarnpkg.com/howler/-/howler-2.2.4.tgz#bd3df4a4f68a0118a51e4bd84a2bfc2e93e6e5a1"
  integrity sha512-iARIBPgcQrwtEr+tALF+rapJ8qSc+Set2GJQl7xT1MQzWaVkFebdJhR3alVlSiUf5U7nAANKuj3aWpwerocD5w==

is-arrayish@^0.3.1:
  version "0.3.2"
  resolved "https://registry.yarnpkg.com/is-arrayish/-/is-arrayish-0.3.2.tgz#4574a2ae56f7ab206896fb431eaeed066fdf8f03"
  integrity sha512-eVRqCvVlZbuw3GrM63ovNSNAeA1K16kaR/LRY/92w0zxQ5/1YzwblUX652i4Xs9RwAGjW9d9y6X88t8OaAJfWQ==

lottie-react-native@^6.6.0:
  version "6.6.0"
  resolved "https://registry.yarnpkg.com/lottie-react-native/-/lottie-react-native-6.6.0.tgz#080c69e4cd149adec0e5e67b320646890031c73f"
  integrity sha512-ttS8qrtjrWc/tmAbCLjvqWpC+cfbwSPLZIWpNdiW2Z1WwqA653JSSJSPxf4c/ut2rwoIuKSBBkeaY2IvmCAQAg==

lottie-web@^5.10.2, lottie-web@^5.12.2:
  version "5.12.2"
  resolved "https://registry.yarnpkg.com/lottie-web/-/lottie-web-5.12.2.tgz#579ca9fe6d3fd9e352571edd3c0be162492f68e5"
  integrity sha512-uvhvYPC8kGPjXT3MyKMrL3JitEAmDMp30lVkuq/590Mw9ok6pWcFCwXJveo0t5uqYw1UREQHofD+jVpdjBv8wg==

lru-cache@^6.0.0:
  version "6.0.0"
  resolved "https://registry.yarnpkg.com/lru-cache/-/lru-cache-6.0.0.tgz#6d6fe6570ebd96aaf90fcad1dafa3b2566db3a94"
  integrity sha512-Jo6dJ04CmSjuznwJSS3pUeWmd/H0ffTlkXXgwZi+eq1UCmqQwCh+eLsYOYCwY991i2Fah4h1BEMCx4qThGbsiA==
  dependencies:
    yallist "^4.0.0"

p-map@^2.0.0:
  version "2.1.0"
  resolved "https://registry.yarnpkg.com/p-map/-/p-map-2.1.0.tgz#310928feef9c9ecc65b68b17693018a665cea175"
  integrity sha512-y3b8Kpd8OAN444hxfBbFfj1FY/RjtTd8tzYwhUqNYXx0fXx2iX4maP4Qr6qhIKbQXI02wTLAda4fYUbDagTUFw==

semver@^7.5.4:
  version "7.6.0"
  resolved "https://registry.yarnpkg.com/semver/-/semver-7.6.0.tgz#1a46a4db4bffcccd97b743b5005c8325f23d4e2d"
  integrity sha512-EnwXhrlwXMk9gKu5/flx5sv/an57AkRplG3hTK68W7FRDN+k+OWBj65M7719OkA82XLBxrcX0KSHj+X5COhOVg==
  dependencies:
    lru-cache "^6.0.0"

sharp-phash@^2.1.0:
  version "2.1.0"
  resolved "https://registry.yarnpkg.com/sharp-phash/-/sharp-phash-2.1.0.tgz#6ff2ed62b51837828fbe7097d43e921903740e14"
  integrity sha512-9JYWr4tiKpjRA5Mi0qHn6LP2evS+GjdRVGjDFOSnO761m5Pavkpm83SyzauO2Ntt7znVqTn7J3XTUwHjRPAonw==

sharp@^0.33.2:
  version "0.33.2"
  resolved "https://registry.yarnpkg.com/sharp/-/sharp-0.33.2.tgz#fcd52f2c70effa8a02160b1bfd989a3de55f2dfb"
  integrity sha512-WlYOPyyPDiiM07j/UO+E720ju6gtNtHjEGg5vovUk1Lgxyjm2LFO+37Nt/UI3MMh2l6hxTWQWi7qk3cXJTutcQ==
  dependencies:
    color "^4.2.3"
    detect-libc "^2.0.2"
    semver "^7.5.4"
  optionalDependencies:
    "@img/sharp-darwin-arm64" "0.33.2"
    "@img/sharp-darwin-x64" "0.33.2"
    "@img/sharp-libvips-darwin-arm64" "1.0.1"
    "@img/sharp-libvips-darwin-x64" "1.0.1"
    "@img/sharp-libvips-linux-arm" "1.0.1"
    "@img/sharp-libvips-linux-arm64" "1.0.1"
    "@img/sharp-libvips-linux-s390x" "1.0.1"
    "@img/sharp-libvips-linux-x64" "1.0.1"
    "@img/sharp-libvips-linuxmusl-arm64" "1.0.1"
    "@img/sharp-libvips-linuxmusl-x64" "1.0.1"
    "@img/sharp-linux-arm" "0.33.2"
    "@img/sharp-linux-arm64" "0.33.2"
    "@img/sharp-linux-s390x" "0.33.2"
    "@img/sharp-linux-x64" "0.33.2"
    "@img/sharp-linuxmusl-arm64" "0.33.2"
    "@img/sharp-linuxmusl-x64" "0.33.2"
    "@img/sharp-wasm32" "0.33.2"
    "@img/sharp-win32-ia32" "0.33.2"
    "@img/sharp-win32-x64" "0.33.2"

simple-swizzle@^0.2.2:
  version "0.2.2"
  resolved "https://registry.yarnpkg.com/simple-swizzle/-/simple-swizzle-0.2.2.tgz#a4da6b635ffcccca33f70d17cb92592de95e557a"
  integrity sha512-JA//kQgZtbuY83m+xT+tXJkmJncGMTFT+C+g2h2R9uxkYIrE2yy9sgmcLhCnw57/WSD+Eh3J97FPEDFnbXnDUg==
  dependencies:
    is-arrayish "^0.3.1"

source-map@0.5.6:
  version "0.5.6"
  resolved "https://registry.yarnpkg.com/source-map/-/source-map-0.5.6.tgz#75ce38f52bf0733c5a7f0c118d81334a2bb5f412"
  integrity sha512-MjZkVp0NHr5+TPihLcadqnlVoGIoWo4IBHptutGh9wI3ttUYvCG26HkSuDi+K6lsZ25syXJXcctwgyVCt//xqA==

stack-generator@^2.0.5:
  version "2.0.10"
  resolved "https://registry.yarnpkg.com/stack-generator/-/stack-generator-2.0.10.tgz#8ae171e985ed62287d4f1ed55a1633b3fb53bb4d"
  integrity sha512-mwnua/hkqM6pF4k8SnmZ2zfETsRUpWXREfA/goT8SLCV4iOFa4bzOX2nDipWAZFPTjLvQB82f5yaodMVhK0yJQ==
  dependencies:
    stackframe "^1.3.4"

stackframe@^1.3.4:
  version "1.3.4"
  resolved "https://registry.yarnpkg.com/stackframe/-/stackframe-1.3.4.tgz#b881a004c8c149a5e8efef37d51b16e412943310"
  integrity sha512-oeVtt7eWQS+Na6F//S4kJ2K2VbRlS9D43mAlMyVpVWovy9o+jfgH8O9agzANzaiLjclA0oYzUXEM4PurhSUChw==

stacktrace-gps@^3.0.4:
  version "3.1.2"
  resolved "https://registry.yarnpkg.com/stacktrace-gps/-/stacktrace-gps-3.1.2.tgz#0c40b24a9b119b20da4525c398795338966a2fb0"
  integrity sha512-GcUgbO4Jsqqg6RxfyTHFiPxdPqF+3LFmQhm7MgCuYQOYuWyqxo5pwRPz5d/u6/WYJdEnWfK4r+jGbyD8TSggXQ==
  dependencies:
    source-map "0.5.6"
    stackframe "^1.3.4"

stacktrace-js@^2.0.0:
  version "2.0.2"
  resolved "https://registry.yarnpkg.com/stacktrace-js/-/stacktrace-js-2.0.2.tgz#4ca93ea9f494752d55709a081d400fdaebee897b"
  integrity sha512-Je5vBeY4S1r/RnLydLl0TBTi3F2qdfWmYsGvtfZgEI+SCprPppaIhQf5nGcal4gI4cGpCV/duLcAzT1np6sQqg==
  dependencies:
    error-stack-parser "^2.0.6"
    stack-generator "^2.0.5"
    stacktrace-gps "^3.0.4"

tslib@^2.4.0:
  version "2.6.2"
  resolved "https://registry.yarnpkg.com/tslib/-/tslib-2.6.2.tgz#703ac29425e7b37cd6fd456e92404d46d1f3e4ae"
  integrity sha512-AEYxH93jGFPn/a2iVAwW87VuUIkR1FVUKB77NwMF7nBTDkDrrT/Hpt/IrCJ0QXhW27jTBDcf5ZY7w6RiqTMw2Q==

valibot@^0.13.1:
  version "0.13.1"
  resolved "https://registry.yarnpkg.com/valibot/-/valibot-0.13.1.tgz#34196211c5b4293829a9e4e6b0cf29a9227f410b"
  integrity sha512-SG2W1RHqE2LShl3p6tyERt6I+G6PQa9ZFVfkyNKXz01HBzL+tBeH5kXw/5AQeAzPJSjI3djVGBl1CyozA1kyBQ==

wasm-imagemagick@^1.2.3:
  version "1.2.8"
  resolved "https://registry.yarnpkg.com/wasm-imagemagick/-/wasm-imagemagick-1.2.8.tgz#218e3d5cad9ccc2ebef30ad01fbe090814b38f33"
  integrity sha512-V7u80n7g+iAoV7sYgQKGSdG59J6/aSMGO0DDK0zxKnwOGjmVXyjP0yU4tX4cMrfC0t/Wk3I8TX7cmdbFQOYHpg==
  dependencies:
    p-map "^2.0.0"
    stacktrace-js "^2.0.0"

xstate@^4.38.1:
  version "4.38.3"
  resolved "https://registry.yarnpkg.com/xstate/-/xstate-4.38.3.tgz#4e15e7ad3aa0ca1eea2010548a5379966d8f1075"
  integrity sha512-SH7nAaaPQx57dx6qvfcIgqKRXIh4L0A1iYEqim4s1u7c9VoCgzZc+63FY90AKU4ZzOC2cfJzTnpO4zK7fCUzzw==

yallist@^4.0.0:
  version "4.0.0"
  resolved "https://registry.yarnpkg.com/yallist/-/yallist-4.0.0.tgz#9bb92790d9c0effec63be73519e11a35019a3a72"
  integrity sha512-3wdGidZyq5PB084XLES5TpOSRA3wjXAlIWMhum2kRcv/41Sn2emQ0dycQW4uZXLejwKvg6EsvbdlVL+FYEct7A==
